
Microsoft Visual Studio Solution File, Format Version 12.00
# Visual Studio Version 17
VisualStudioVersion = 17.4.33213.308
MinimumVisualStudioVersion = 10.0.40219.1
Project("{FAE04EC0-301F-11D3-BF4B-00C04F79EFBC}") = "MvcCoreSession", "MvcCoreSession\MvcCoreSession.csproj", "{BD52ADA5-9D7E-46FB-BC8B-8011D099A81A}"
EndProject
Global
	GlobalSection(SolutionConfigurationPlatforms) = preSolution
		Debug|Any CPU = Debug|Any CPU
		Release|Any CPU = Release|Any CPU
	EndGlobalSection
	GlobalSection(ProjectConfigurationPlatforms) = postSolution
		{BD52ADA5-9D7E-46FB-BC8B-8011D099A81A}.Debug|Any CPU.ActiveCfg = Debug|Any CPU
		{BD52ADA5-9D7E-46FB-BC8B-8011D099A81A}.Debug|Any CPU.Build.0 = Debug|Any CPU
		{BD52ADA5-9D7E-46FB-BC8B-8011D099A81A}.Release|Any CPU.ActiveCfg = Release|Any CPU
		{BD52ADA5-9D7E-46FB-BC8B-8011D099A81A}.Release|Any CPU.Build.0 = Release|Any CPU
	EndGlobalSection
	GlobalSection(SolutionProperties) = preSolution
		HideSolutionNode = FALSE
	EndGlobalSection
	GlobalSection(ExtensibilityGlobals) = postSolution
		SolutionGuid = {8AD3C22F-A0AE-4866-963E-0DA4B46F9C42}
	EndGlobalSection
EndGlobal
